{
  "name": "client-api-plop",
  "version": "1.11.0",
  "lockfileVersion": 3,
  "requires": true,
  "packages": {
    "": {
      "name": "client-api-plop",
      "version": "1.11.0",
      "license": "MIT",
      "engines": {
        "node": ">=18"
      },
      "peerDependencies": {
        "plop": "^4.0.1"
      },
      "workspaces": {
        "packages": [
          "packages/*"
        ]
      }
    },
    "../../node_modules/.pnpm/client-api-plop@1.9.0_plop@4.0.1/node_modules/client-api-plop": {
      "version": "1.9.0",
      "extraneous": true,
      "license": "MIT",
      "engines": {
        "node": ">=18"
      },
      "peerDependencies": {
        "plop": "^4.0.1"
      },
      "workspaces": {
        "packages": [
          "packages/*"
        ]
      }
    },
    "../../node_modules/.pnpm/plop@4.0.1/node_modules/plop": {
      "version": "4.0.1",
      "license": "MIT",
      "peer": true,
      "dependencies": {
        "@types/liftoff": "^4.0.3",
        "chalk": "^5.3.0",
        "interpret": "^3.1.1",
        "liftoff": "^4.0.0",
        "minimist": "^1.2.8",
        "node-plop": "^0.32.0",
        "ora": "^8.0.0",
        "v8flags": "^4.0.1"
      },
      "bin": {
        "plop": "bin/plop.js"
      },
      "devDependencies": {
        "cli-testing-library": "^2.0.1",
        "inquirer-directory": "^2.2.0",
        "nyc": "^15.1.0",
        "plop-pack-fancy-comments": "^0.2.1",
        "queue-microtask": "^1.2.3",
        "vitest": "^1.1.0"
      },
      "engines": {
        "node": ">=18"
      }
    },
    "node_modules/plop": {
      "resolved": "../../node_modules/.pnpm/plop@4.0.1/node_modules/plop",
      "link": true
    }
  }
}
